
Microsoft Visual Studio Solution File, Format Version 12.00
# Visual Studio Version 17
VisualStudioVersion = 17.5.2.0
MinimumVisualStudioVersion = 10.0.40219.1
Project("{2150E333-8FDC-42A3-9474-1A3956D46DE8}") = "src", "src", "{827E0CD3-B72D-47B6-A68D-7590B98EB39B}"
EndProject
Project("{2150E333-8FDC-42A3-9474-1A3956D46DE8}") = "tests", "tests", "{0AB3BF05-4346-4AA6-1389-037BE0695223}"
EndProject
Project("{2150E333-8FDC-42A3-9474-1A3956D46DE8}") = "samples", "samples", "{5D20AA90-6969-D8BD-9DCD-8634F4692FDA}"
EndProject
Project("{FAE04EC0-301F-11D3-BF4B-00C04F79EFBC}") = "Moedim.Edgar", "src\Moedim.Edgar\Moedim.Edgar.csproj", "{30C094C0-F494-1AF2-4770-BF6F3A33CD73}"
EndProject
Project("{FAE04EC0-301F-11D3-BF4B-00C04F79EFBC}") = "Moedim.Edgar.UnitTests", "test\Moedim.Edgar.UnitTests\Moedim.Edgar.UnitTests.csproj", "{F7EF3A7F-DCEF-4E05-9A2B-EF4C17A11CAA}"
EndProject
Project("{FAE04EC0-301F-11D3-BF4B-00C04F79EFBC}") = "Moedim.Edgar.Sample", "samples\Moedim.Edgar.Sample\Moedim.Edgar.Sample.csproj", "{4DC22782-629C-479F-8A66-B471DE0BA6E5}"
EndProject
Project("{FAE04EC0-301F-11D3-BF4B-00C04F79EFBC}") = "Moedim.Edgar.Mcp", "src\Moedim.Edgar.Mcp\Moedim.Edgar.Mcp.csproj", "{C7EBD30F-C9F5-4664-9ECA-09D4FF0532ED}"
EndProject
Global
	GlobalSection(SolutionConfigurationPlatforms) = preSolution
		Debug|Any CPU = Debug|Any CPU
		Debug|x64 = Debug|x64
		Debug|x86 = Debug|x86
		Release|Any CPU = Release|Any CPU
		Release|x64 = Release|x64
		Release|x86 = Release|x86
	EndGlobalSection
	GlobalSection(ProjectConfigurationPlatforms) = postSolution
		{30C094C0-F494-1AF2-4770-BF6F3A33CD73}.Debug|Any CPU.ActiveCfg = Debug|Any CPU
		{30C094C0-F494-1AF2-4770-BF6F3A33CD73}.Debug|Any CPU.Build.0 = Debug|Any CPU
		{30C094C0-F494-1AF2-4770-BF6F3A33CD73}.Debug|x64.ActiveCfg = Debug|Any CPU
		{30C094C0-F494-1AF2-4770-BF6F3A33CD73}.Debug|x64.Build.0 = Debug|Any CPU
		{30C094C0-F494-1AF2-4770-BF6F3A33CD73}.Debug|x86.ActiveCfg = Debug|Any CPU
		{30C094C0-F494-1AF2-4770-BF6F3A33CD73}.Debug|x86.Build.0 = Debug|Any CPU
		{30C094C0-F494-1AF2-4770-BF6F3A33CD73}.Release|Any CPU.ActiveCfg = Release|Any CPU
		{30C094C0-F494-1AF2-4770-BF6F3A33CD73}.Release|Any CPU.Build.0 = Release|Any CPU
		{30C094C0-F494-1AF2-4770-BF6F3A33CD73}.Release|x64.ActiveCfg = Release|Any CPU
		{30C094C0-F494-1AF2-4770-BF6F3A33CD73}.Release|x64.Build.0 = Release|Any CPU
		{30C094C0-F494-1AF2-4770-BF6F3A33CD73}.Release|x86.ActiveCfg = Release|Any CPU
		{30C094C0-F494-1AF2-4770-BF6F3A33CD73}.Release|x86.Build.0 = Release|Any CPU
		{F7EF3A7F-DCEF-4E05-9A2B-EF4C17A11CAA}.Debug|Any CPU.ActiveCfg = Debug|Any CPU
		{F7EF3A7F-DCEF-4E05-9A2B-EF4C17A11CAA}.Debug|Any CPU.Build.0 = Debug|Any CPU
		{F7EF3A7F-DCEF-4E05-9A2B-EF4C17A11CAA}.Debug|x64.ActiveCfg = Debug|Any CPU
		{F7EF3A7F-DCEF-4E05-9A2B-EF4C17A11CAA}.Debug|x64.Build.0 = Debug|Any CPU
		{F7EF3A7F-DCEF-4E05-9A2B-EF4C17A11CAA}.Debug|x86.ActiveCfg = Debug|Any CPU
		{F7EF3A7F-DCEF-4E05-9A2B-EF4C17A11CAA}.Debug|x86.Build.0 = Debug|Any CPU
		{F7EF3A7F-DCEF-4E05-9A2B-EF4C17A11CAA}.Release|Any CPU.ActiveCfg = Release|Any CPU
		{F7EF3A7F-DCEF-4E05-9A2B-EF4C17A11CAA}.Release|Any CPU.Build.0 = Release|Any CPU
		{F7EF3A7F-DCEF-4E05-9A2B-EF4C17A11CAA}.Release|x64.ActiveCfg = Release|Any CPU
		{F7EF3A7F-DCEF-4E05-9A2B-EF4C17A11CAA}.Release|x64.Build.0 = Release|Any CPU
		{F7EF3A7F-DCEF-4E05-9A2B-EF4C17A11CAA}.Release|x86.ActiveCfg = Release|Any CPU
		{F7EF3A7F-DCEF-4E05-9A2B-EF4C17A11CAA}.Release|x86.Build.0 = Release|Any CPU
		{4DC22782-629C-479F-8A66-B471DE0BA6E5}.Debug|Any CPU.ActiveCfg = Debug|Any CPU
		{4DC22782-629C-479F-8A66-B471DE0BA6E5}.Debug|Any CPU.Build.0 = Debug|Any CPU
		{4DC22782-629C-479F-8A66-B471DE0BA6E5}.Debug|x64.ActiveCfg = Debug|Any CPU
		{4DC22782-629C-479F-8A66-B471DE0BA6E5}.Debug|x64.Build.0 = Debug|Any CPU
		{4DC22782-629C-479F-8A66-B471DE0BA6E5}.Debug|x86.ActiveCfg = Debug|Any CPU
		{4DC22782-629C-479F-8A66-B471DE0BA6E5}.Debug|x86.Build.0 = Debug|Any CPU
		{4DC22782-629C-479F-8A66-B471DE0BA6E5}.Release|Any CPU.ActiveCfg = Release|Any CPU
		{4DC22782-629C-479F-8A66-B471DE0BA6E5}.Release|Any CPU.Build.0 = Release|Any CPU
		{4DC22782-629C-479F-8A66-B471DE0BA6E5}.Release|x64.ActiveCfg = Release|Any CPU
		{4DC22782-629C-479F-8A66-B471DE0BA6E5}.Release|x64.Build.0 = Release|Any CPU
		{4DC22782-629C-479F-8A66-B471DE0BA6E5}.Release|x86.ActiveCfg = Release|Any CPU
		{4DC22782-629C-479F-8A66-B471DE0BA6E5}.Release|x86.Build.0 = Release|Any CPU
		{C7EBD30F-C9F5-4664-9ECA-09D4FF0532ED}.Debug|Any CPU.ActiveCfg = Debug|Any CPU
		{C7EBD30F-C9F5-4664-9ECA-09D4FF0532ED}.Debug|Any CPU.Build.0 = Debug|Any CPU
		{C7EBD30F-C9F5-4664-9ECA-09D4FF0532ED}.Debug|x64.ActiveCfg = Debug|Any CPU
		{C7EBD30F-C9F5-4664-9ECA-09D4FF0532ED}.Debug|x64.Build.0 = Debug|Any CPU
		{C7EBD30F-C9F5-4664-9ECA-09D4FF0532ED}.Debug|x86.ActiveCfg = Debug|Any CPU
		{C7EBD30F-C9F5-4664-9ECA-09D4FF0532ED}.Debug|x86.Build.0 = Debug|Any CPU
		{C7EBD30F-C9F5-4664-9ECA-09D4FF0532ED}.Release|Any CPU.ActiveCfg = Release|Any CPU
		{C7EBD30F-C9F5-4664-9ECA-09D4FF0532ED}.Release|Any CPU.Build.0 = Release|Any CPU
		{C7EBD30F-C9F5-4664-9ECA-09D4FF0532ED}.Release|x64.ActiveCfg = Release|Any CPU
		{C7EBD30F-C9F5-4664-9ECA-09D4FF0532ED}.Release|x64.Build.0 = Release|Any CPU
		{C7EBD30F-C9F5-4664-9ECA-09D4FF0532ED}.Release|x86.ActiveCfg = Release|Any CPU
		{C7EBD30F-C9F5-4664-9ECA-09D4FF0532ED}.Release|x86.Build.0 = Release|Any CPU
	EndGlobalSection
	GlobalSection(SolutionProperties) = preSolution
		HideSolutionNode = FALSE
	EndGlobalSection
	GlobalSection(NestedProjects) = preSolution
		{30C094C0-F494-1AF2-4770-BF6F3A33CD73} = {827E0CD3-B72D-47B6-A68D-7590B98EB39B}
		{F7EF3A7F-DCEF-4E05-9A2B-EF4C17A11CAA} = {0AB3BF05-4346-4AA6-1389-037BE0695223}
		{4DC22782-629C-479F-8A66-B471DE0BA6E5} = {5D20AA90-6969-D8BD-9DCD-8634F4692FDA}
		{C7EBD30F-C9F5-4664-9ECA-09D4FF0532ED} = {827E0CD3-B72D-47B6-A68D-7590B98EB39B}
	EndGlobalSection
	GlobalSection(ExtensibilityGlobals) = postSolution
		SolutionGuid = {DE9AE226-8143-4B38-95A1-5E6FE97B43A2}
	EndGlobalSection
EndGlobal
